{
    "version": 3,
    "terraform_version": "0.11.3",
    "serial": 4,
    "lineage": "92936c7b-7334-4e41-9b0c-dd2d51f9e794",
    "modules": [
        {
            "path": [
                "root"
            ],
            "outputs": {},
            "resources": {
                "aws_api_gateway_deployment.deployment": {
                    "type": "aws_api_gateway_deployment",
                    "depends_on": [
                        "aws_api_gateway_rest_api.gateway"
                    ],
                    "primary": {
                        "id": "nqvedb",
                        "attributes": {
                            "created_date": "2018-09-18T23:48:40Z",
                            "description": "",
                            "execution_arn": "arn:aws:execute-api:us-west-2:454578821806:sst6is9p3e/Production",
                            "id": "nqvedb",
                            "invoke_url": "https://sst6is9p3e.execute-api.us-west-2.amazonaws.com/Production",
                            "rest_api_id": "sst6is9p3e",
                            "stage_name": "Production"
                        },
                        "meta": {},
                        "tainted": false
                    },
                    "deposed": [],
                    "provider": "provider.aws"
                },
                "aws_api_gateway_gateway_response.default_4XX": {
                    "type": "aws_api_gateway_gateway_response",
                    "depends_on": [
                        "aws_api_gateway_rest_api.gateway"
                    ],
                    "primary": {
                        "id": "aggr-sst6is9p3e-DEFAULT_4XX",
                        "attributes": {
                            "id": "aggr-sst6is9p3e-DEFAULT_4XX",
                            "response_parameters.%": "1",
                            "response_parameters.gatewayresponse.header.Access-Control-Allow-Origin": "'*'",
                            "response_templates.%": "1",
                            "response_templates.application/json": "{\"message\":$context.error.messageString}",
                            "response_type": "DEFAULT_4XX",
                            "rest_api_id": "sst6is9p3e",
                            "status_code": ""
                        },
                        "meta": {},
                        "tainted": false
                    },
                    "deposed": [],
                    "provider": "provider.aws"
                },
                "aws_api_gateway_gateway_response.default_5XX": {
                    "type": "aws_api_gateway_gateway_response",
                    "depends_on": [
                        "aws_api_gateway_rest_api.gateway"
                    ],
                    "primary": {
                        "id": "aggr-sst6is9p3e-DEFAULT_5XX",
                        "attributes": {
                            "id": "aggr-sst6is9p3e-DEFAULT_5XX",
                            "response_parameters.%": "1",
                            "response_parameters.gatewayresponse.header.Access-Control-Allow-Origin": "'*'",
                            "response_templates.%": "1",
                            "response_templates.application/json": "{\"message\":$context.error.messageString}",
                            "response_type": "DEFAULT_5XX",
                            "rest_api_id": "sst6is9p3e",
                            "status_code": ""
                        },
                        "meta": {},
                        "tainted": false
                    },
                    "deposed": [],
                    "provider": "provider.aws"
                },
                "aws_api_gateway_integration.OPTIONS_integration": {
                    "type": "aws_api_gateway_integration",
                    "depends_on": [
                        "aws_api_gateway_method.OPTIONS_method",
                        "aws_api_gateway_resource.base",
                        "aws_api_gateway_rest_api.gateway"
                    ],
                    "primary": {
                        "id": "agi-sst6is9p3e-rv1n9c-OPTIONS",
                        "attributes": {
                            "cache_key_parameters.#": "0",
                            "cache_namespace": "rv1n9c",
                            "connection_id": "",
                            "connection_type": "INTERNET",
                            "http_method": "OPTIONS",
                            "id": "agi-sst6is9p3e-rv1n9c-OPTIONS",
                            "passthrough_behavior": "WHEN_NO_MATCH",
                            "request_parameters.%": "0",
                            "request_templates.%": "1",
                            "request_templates.application/json": "{\"statusCode\":200}\n",
                            "resource_id": "rv1n9c",
                            "rest_api_id": "sst6is9p3e",
                            "type": "MOCK"
                        },
                        "meta": {},
                        "tainted": false
                    },
                    "deposed": [],
                    "provider": "provider.aws"
                },
                "aws_api_gateway_integration.base_GET_integration": {
                    "type": "aws_api_gateway_integration",
                    "depends_on": [
                        "aws_api_gateway_method.base_GET_tableau",
                        "aws_api_gateway_resource.base",
                        "aws_api_gateway_rest_api.gateway",
                        "aws_lambda_function.execute_base"
                    ],
                    "primary": {
                        "id": "agi-sst6is9p3e-rv1n9c-GET",
                        "attributes": {
                            "cache_key_parameters.#": "0",
                            "cache_namespace": "rv1n9c",
                            "connection_id": "",
                            "connection_type": "INTERNET",
                            "http_method": "GET",
                            "id": "agi-sst6is9p3e-rv1n9c-GET",
                            "integration_http_method": "POST",
                            "passthrough_behavior": "WHEN_NO_MATCH",
                            "request_parameters.%": "0",
                            "request_templates.%": "0",
                            "resource_id": "rv1n9c",
                            "rest_api_id": "sst6is9p3e",
                            "type": "AWS_PROXY",
                            "uri": "arn:aws:apigateway:us-west-2:lambda:path/2015-03-31/functions/arn:aws:lambda:us-west-2:454578821806:function:PTO-main-execute/invocations"
                        },
                        "meta": {},
                        "tainted": false
                    },
                    "deposed": [],
                    "provider": "provider.aws"
                },
                "aws_api_gateway_integration_response.OPTIONS_integration_response": {
                    "type": "aws_api_gateway_integration_response",
                    "depends_on": [
                        "aws_api_gateway_method.OPTIONS_method",
                        "aws_api_gateway_method_response.options_200",
                        "aws_api_gateway_resource.base",
                        "aws_api_gateway_rest_api.gateway"
                    ],
                    "primary": {
                        "id": "agir-sst6is9p3e-rv1n9c-OPTIONS-200",
                        "attributes": {
                            "http_method": "OPTIONS",
                            "id": "agir-sst6is9p3e-rv1n9c-OPTIONS-200",
                            "resource_id": "rv1n9c",
                            "response_parameters.%": "3",
                            "response_parameters.method.response.header.Access-Control-Allow-Headers": "'Content-Type,X-Auth-Token,X-Amz-Date,Authorization,X-Api-Key,X-Amz-Security-Token'",
                            "response_parameters.method.response.header.Access-Control-Allow-Methods": "'GET,OPTIONS,POST,PUT'",
                            "response_parameters.method.response.header.Access-Control-Allow-Origin": "'*'",
                            "response_templates.%": "1",
                            "response_templates.application/json": "Empty",
                            "rest_api_id": "sst6is9p3e",
                            "selection_pattern": "",
                            "status_code": "200"
                        },
                        "meta": {},
                        "tainted": false
                    },
                    "deposed": [],
                    "provider": "provider.aws"
                },
                "aws_api_gateway_method.OPTIONS_method": {
                    "type": "aws_api_gateway_method",
                    "depends_on": [
                        "aws_api_gateway_resource.base",
                        "aws_api_gateway_rest_api.gateway"
                    ],
                    "primary": {
                        "id": "agm-sst6is9p3e-rv1n9c-OPTIONS",
                        "attributes": {
                            "api_key_required": "false",
                            "authorization": "NONE",
                            "authorization_scopes.#": "0",
                            "authorizer_id": "",
                            "http_method": "OPTIONS",
                            "id": "agm-sst6is9p3e-rv1n9c-OPTIONS",
                            "request_models.%": "0",
                            "request_parameters.%": "0",
                            "request_validator_id": "",
                            "resource_id": "rv1n9c",
                            "rest_api_id": "sst6is9p3e"
                        },
                        "meta": {},
                        "tainted": false
                    },
                    "deposed": [],
                    "provider": "provider.aws"
                },
                "aws_api_gateway_method.base_GET_tableau": {
                    "type": "aws_api_gateway_method",
                    "depends_on": [
                        "aws_api_gateway_resource.base",
                        "aws_api_gateway_rest_api.gateway"
                    ],
                    "primary": {
                        "id": "agm-sst6is9p3e-rv1n9c-GET",
                        "attributes": {
                            "api_key_required": "false",
                            "authorization": "NONE",
                            "authorization_scopes.#": "0",
                            "authorizer_id": "",
                            "http_method": "GET",
                            "id": "agm-sst6is9p3e-rv1n9c-GET",
                            "request_models.%": "0",
                            "request_parameters.%": "0",
                            "request_validator_id": "",
                            "resource_id": "rv1n9c",
                            "rest_api_id": "sst6is9p3e"
                        },
                        "meta": {},
                        "tainted": false
                    },
                    "deposed": [],
                    "provider": "provider.aws"
                },
                "aws_api_gateway_method_response.base_GET_method_response_200": {
                    "type": "aws_api_gateway_method_response",
                    "depends_on": [
                        "aws_api_gateway_method.base_GET_tableau",
                        "aws_api_gateway_resource.base",
                        "aws_api_gateway_rest_api.gateway"
                    ],
                    "primary": {
                        "id": "agmr-sst6is9p3e-rv1n9c-GET-200",
                        "attributes": {
                            "http_method": "GET",
                            "id": "agmr-sst6is9p3e-rv1n9c-GET-200",
                            "resource_id": "rv1n9c",
                            "response_models.%": "0",
                            "response_parameters.%": "1",
                            "response_parameters.method.response.header.Access-Control-Allow-Origin": "true",
                            "rest_api_id": "sst6is9p3e",
                            "status_code": "200"
                        },
                        "meta": {},
                        "tainted": false
                    },
                    "deposed": [],
                    "provider": "provider.aws"
                },
                "aws_api_gateway_method_response.options_200": {
                    "type": "aws_api_gateway_method_response",
                    "depends_on": [
                        "aws_api_gateway_method.OPTIONS_method",
                        "aws_api_gateway_resource.base",
                        "aws_api_gateway_rest_api.gateway"
                    ],
                    "primary": {
                        "id": "agmr-sst6is9p3e-rv1n9c-OPTIONS-200",
                        "attributes": {
                            "http_method": "OPTIONS",
                            "id": "agmr-sst6is9p3e-rv1n9c-OPTIONS-200",
                            "resource_id": "rv1n9c",
                            "response_models.%": "0",
                            "response_parameters.%": "3",
                            "response_parameters.method.response.header.Access-Control-Allow-Headers": "true",
                            "response_parameters.method.response.header.Access-Control-Allow-Methods": "true",
                            "response_parameters.method.response.header.Access-Control-Allow-Origin": "true",
                            "rest_api_id": "sst6is9p3e",
                            "status_code": "200"
                        },
                        "meta": {},
                        "tainted": false
                    },
                    "deposed": [],
                    "provider": "provider.aws"
                },
                "aws_api_gateway_resource.base": {
                    "type": "aws_api_gateway_resource",
                    "depends_on": [
                        "aws_api_gateway_rest_api.gateway"
                    ],
                    "primary": {
                        "id": "rv1n9c",
                        "attributes": {
                            "id": "rv1n9c",
                            "parent_id": "o5667pv9ob",
                            "path": "/base",
                            "path_part": "base",
                            "rest_api_id": "sst6is9p3e"
                        },
                        "meta": {},
                        "tainted": false
                    },
                    "deposed": [],
                    "provider": "provider.aws"
                },
                "aws_api_gateway_rest_api.gateway": {
                    "type": "aws_api_gateway_rest_api",
                    "depends_on": [],
                    "primary": {
                        "id": "sst6is9p3e",
                        "attributes": {
                            "api_key_source": "HEADER",
                            "binary_media_types.#": "0",
                            "created_date": "2018-09-18T23:47:57Z",
                            "description": "",
                            "endpoint_configuration.#": "1",
                            "endpoint_configuration.0.types.#": "1",
                            "endpoint_configuration.0.types.0": "EDGE",
                            "execution_arn": "arn:aws:execute-api:us-west-2:454578821806:sst6is9p3e",
                            "id": "sst6is9p3e",
                            "minimum_compression_size": "-1",
                            "name": "PTO-gateway",
                            "policy": "",
                            "root_resource_id": "o5667pv9ob"
                        },
                        "meta": {},
                        "tainted": false
                    },
                    "deposed": [],
                    "provider": "provider.aws"
                },
                "aws_cloudwatch_log_group.execute_base_cloudlog": {
                    "type": "aws_cloudwatch_log_group",
                    "depends_on": [
                        "aws_lambda_function.execute_base"
                    ],
                    "primary": {
                        "id": "/aws/lambda/PTO-main-execute",
                        "attributes": {
                            "arn": "arn:aws:logs:us-west-2:454578821806:log-group:/aws/lambda/PTO-main-execute:*",
                            "id": "/aws/lambda/PTO-main-execute",
                            "kms_key_id": "",
                            "name": "/aws/lambda/PTO-main-execute",
                            "retention_in_days": "180",
                            "tags.%": "2",
                            "tags.Client": "PTO",
                            "tags.Prefix": "PTO"
                        },
                        "meta": {},
                        "tainted": false
                    },
                    "deposed": [],
                    "provider": "provider.aws"
                },
                "aws_iam_role.iam_role": {
                    "type": "aws_iam_role",
                    "depends_on": [],
                    "primary": {
                        "id": "PTO-stack-iam",
                        "attributes": {
                            "arn": "arn:aws:iam::454578821806:role/PTO-stack-iam",
                            "assume_role_policy": "{\"Version\":\"2012-10-17\",\"Statement\":[{\"Sid\":\"\",\"Effect\":\"Allow\",\"Principal\":{\"Service\":[\"apigateway.amazonaws.com\",\"lambda.amazonaws.com\"]},\"Action\":\"sts:AssumeRole\"}]}",
                            "create_date": "2018-09-18T23:47:57Z",
                            "force_detach_policies": "false",
                            "id": "PTO-stack-iam",
                            "max_session_duration": "3600",
                            "name": "PTO-stack-iam",
                            "path": "/",
                            "unique_id": "AROAWTVYCLKXMTUKIOFP"
                        },
                        "meta": {},
                        "tainted": false
                    },
                    "deposed": [],
                    "provider": "provider.aws"
                },
                "aws_iam_role_policy.proj-inline-policy-1": {
                    "type": "aws_iam_role_policy",
                    "depends_on": [],
                    "primary": {
                        "id": "PTO-stack-iam:PTO-stack-iam-policy",
                        "attributes": {
                            "id": "PTO-stack-iam:PTO-stack-iam-policy",
                            "name": "PTO-stack-iam-policy",
                            "policy": "{\n    \"Version\": \"2012-10-17\",\n    \"Statement\": [\n        {\n            \"Effect\": \"Allow\",\n            \"Action\": [\n                \"s3:*\"\n            ],\n            \"Resource\": [\n              \"arn:aws:s3:::phoebe.to/*\"\n            ]\n        }\n    ]\n}\n",
                            "role": "PTO-stack-iam"
                        },
                        "meta": {},
                        "tainted": false
                    },
                    "deposed": [],
                    "provider": "provider.aws"
                },
                "aws_kms_alias.kms_key_alias": {
                    "type": "aws_kms_alias",
                    "depends_on": [
                        "aws_kms_key.kms_key"
                    ],
                    "primary": {
                        "id": "alias/PTO-kms-key-alias",
                        "attributes": {
                            "arn": "arn:aws:kms:us-west-2:454578821806:alias/PTO-kms-key-alias",
                            "id": "alias/PTO-kms-key-alias",
                            "name": "alias/PTO-kms-key-alias",
                            "target_key_arn": "arn:aws:kms:us-west-2:454578821806:key/a6ee37ea-4aac-4cff-b0a6-3567e21aa9b8",
                            "target_key_id": "a6ee37ea-4aac-4cff-b0a6-3567e21aa9b8"
                        },
                        "meta": {},
                        "tainted": false
                    },
                    "deposed": [],
                    "provider": "provider.aws"
                },
                "aws_kms_key.kms_key": {
                    "type": "aws_kms_key",
                    "depends_on": [],
                    "primary": {
                        "id": "a6ee37ea-4aac-4cff-b0a6-3567e21aa9b8",
                        "attributes": {
                            "arn": "arn:aws:kms:us-west-2:454578821806:key/a6ee37ea-4aac-4cff-b0a6-3567e21aa9b8",
                            "deletion_window_in_days": "7",
                            "description": "PTO-kms-key",
                            "enable_key_rotation": "false",
                            "id": "a6ee37ea-4aac-4cff-b0a6-3567e21aa9b8",
                            "is_enabled": "true",
                            "key_id": "a6ee37ea-4aac-4cff-b0a6-3567e21aa9b8",
                            "key_usage": "ENCRYPT_DECRYPT",
                            "policy": "{\"Id\":\"key-default-1\",\"Statement\":[{\"Action\":\"kms:*\",\"Effect\":\"Allow\",\"Principal\":{\"AWS\":\"arn:aws:iam::454578821806:root\"},\"Resource\":\"*\",\"Sid\":\"Enable IAM User Permissions\"}],\"Version\":\"2012-10-17\"}",
                            "tags.%": "1",
                            "tags.Client": "PTO"
                        },
                        "meta": {},
                        "tainted": false
                    },
                    "deposed": [],
                    "provider": "provider.aws"
                },
                "aws_lambda_function.execute_base": {
                    "type": "aws_lambda_function",
                    "depends_on": [
                        "data.aws_caller_identity.current"
                    ],
                    "primary": {
                        "id": "PTO-main-execute",
                        "attributes": {
                            "arn": "arn:aws:lambda:us-west-2:454578821806:function:PTO-main-execute",
                            "dead_letter_config.#": "0",
                            "description": "(V1.0.0)",
                            "environment.#": "1",
                            "environment.0.variables.%": "4",
                            "environment.0.variables.S3_BUCKET": "phoebe.to",
                            "environment.0.variables.S3_KEY": "test.csv",
                            "environment.0.variables.environment": "Sandbox",
                            "environment.0.variables.is_debug": "false",
                            "filename": "MAIN.zip",
                            "function_name": "PTO-main-execute",
                            "handler": "index.handler",
                            "id": "PTO-main-execute",
                            "invoke_arn": "arn:aws:apigateway:us-west-2:lambda:path/2015-03-31/functions/arn:aws:lambda:us-west-2:454578821806:function:PTO-main-execute/invocations",
                            "kms_key_arn": "",
                            "last_modified": "2018-09-18T23:54:39.022+0000",
                            "memory_size": "128",
                            "publish": "false",
                            "qualified_arn": "arn:aws:lambda:us-west-2:454578821806:function:PTO-main-execute:$LATEST",
                            "reserved_concurrent_executions": "0",
                            "role": "arn:aws:iam::454578821806:role/PTO-stack-iam",
                            "runtime": "nodejs6.10",
                            "source_code_hash": "XRKLKtNw2N/jI9cP8f6XcSRjS6T6mErCT5ZE7l+magU=",
                            "source_code_size": "9136289",
                            "tags.%": "2",
                            "tags.Client": "PTO",
                            "tags.Prefix": "PTO",
                            "timeout": "300",
                            "tracing_config.#": "1",
                            "tracing_config.0.mode": "PassThrough",
                            "version": "$LATEST",
                            "vpc_config.#": "0"
                        },
                        "meta": {},
                        "tainted": false
                    },
                    "deposed": [],
                    "provider": "provider.aws"
                },
                "aws_lambda_permission.apigw_permission": {
                    "type": "aws_lambda_permission",
                    "depends_on": [
                        "aws_api_gateway_rest_api.gateway",
                        "aws_lambda_function.execute_base",
                        "data.aws_caller_identity.current"
                    ],
                    "primary": {
                        "id": "AllowExecutionFromAPIGateway",
                        "attributes": {
                            "action": "lambda:InvokeFunction",
                            "function_name": "arn:aws:lambda:us-west-2:454578821806:function:PTO-main-execute",
                            "id": "AllowExecutionFromAPIGateway",
                            "principal": "apigateway.amazonaws.com",
                            "qualifier": "",
                            "source_arn": "arn:aws:execute-api:us-west-2:454578821806:sst6is9p3e/*/*/*",
                            "statement_id": "AllowExecutionFromAPIGateway"
                        },
                        "meta": {},
                        "tainted": false
                    },
                    "deposed": [],
                    "provider": "provider.aws"
                },
                "data.aws_caller_identity.current": {
                    "type": "aws_caller_identity",
                    "depends_on": [],
                    "primary": {
                        "id": "2018-09-18 23:54:24.4950638 +0000 UTC",
                        "attributes": {
                            "account_id": "454578821806",
                            "arn": "arn:aws:iam::454578821806:user/phoebe.to@visioncritical.com",
                            "id": "2018-09-18 23:54:24.4950638 +0000 UTC",
                            "user_id": "AIDAIUREMPOJ6ESLX4V2Q"
                        },
                        "meta": {},
                        "tainted": false
                    },
                    "deposed": [],
                    "provider": "provider.aws"
                }
            },
            "depends_on": []
        }
    ]
}
